
Microsoft Visual Studio Solution File, Format Version 12.00
# Visual Studio Version 17
VisualStudioVersion = 17.7.34009.444
MinimumVisualStudioVersion = 10.0.40219.1
Project("{FAE04EC0-301F-11D3-BF4B-00C04F79EFBC}") = "Fishing_RPG", "Fishing_RPG\Fishing_RPG.csproj", "{FA6B6E66-D0EE-40CB-A0CF-D9D567F5B720}"
EndProject
Global
	GlobalSection(SolutionConfigurationPlatforms) = preSolution
		Debug|Any CPU = Debug|Any CPU
		Release|Any CPU = Release|Any CPU
	EndGlobalSection
	GlobalSection(ProjectConfigurationPlatforms) = postSolution
		{FA6B6E66-D0EE-40CB-A0CF-D9D567F5B720}.Debug|Any CPU.ActiveCfg = Debug|Any CPU
		{FA6B6E66-D0EE-40CB-A0CF-D9D567F5B720}.Debug|Any CPU.Build.0 = Debug|Any CPU
		{FA6B6E66-D0EE-40CB-A0CF-D9D567F5B720}.Release|Any CPU.ActiveCfg = Release|Any CPU
		{FA6B6E66-D0EE-40CB-A0CF-D9D567F5B720}.Release|Any CPU.Build.0 = Release|Any CPU
	EndGlobalSection
	GlobalSection(SolutionProperties) = preSolution
		HideSolutionNode = FALSE
	EndGlobalSection
	GlobalSection(ExtensibilityGlobals) = postSolution
		SolutionGuid = {DE290993-BFE2-4FE3-B6BF-FE6C09739446}
	EndGlobalSection
EndGlobal
